
Microsoft Visual Studio Solution File, Format Version 12.00
# Visual Studio 15
VisualStudioVersion = 15.0.28307.757
MinimumVisualStudioVersion = 10.0.40219.1
Project("{9A19103F-16F7-4668-BE54-9A1E7A4F7556}") = "HelloWorld", "HelloWorld\HelloWorld.csproj", "{B2E822F2-5489-4518-B478-6A86B7400F6F}"
EndProject
Project("{FAE04EC0-301F-11D3-BF4B-00C04F79EFBC}") = "UnitTestProject2", "UnitTestProject2\UnitTestProject2.csproj", "{728E6FE3-E2E4-4DD9-A63C-7BA613B62921}"
EndProject
Global
	GlobalSection(SolutionConfigurationPlatforms) = preSolution
		Debug|Any CPU = Debug|Any CPU
		Release|Any CPU = Release|Any CPU
	EndGlobalSection
	GlobalSection(ProjectConfigurationPlatforms) = postSolution
		{B2E822F2-5489-4518-B478-6A86B7400F6F}.Debug|Any CPU.ActiveCfg = Debug|Any CPU
		{B2E822F2-5489-4518-B478-6A86B7400F6F}.Debug|Any CPU.Build.0 = Debug|Any CPU
		{B2E822F2-5489-4518-B478-6A86B7400F6F}.Release|Any CPU.ActiveCfg = Release|Any CPU
		{B2E822F2-5489-4518-B478-6A86B7400F6F}.Release|Any CPU.Build.0 = Release|Any CPU
		{728E6FE3-E2E4-4DD9-A63C-7BA613B62921}.Debug|Any CPU.ActiveCfg = Debug|Any CPU
		{728E6FE3-E2E4-4DD9-A63C-7BA613B62921}.Debug|Any CPU.Build.0 = Debug|Any CPU
		{728E6FE3-E2E4-4DD9-A63C-7BA613B62921}.Release|Any CPU.ActiveCfg = Release|Any CPU
		{728E6FE3-E2E4-4DD9-A63C-7BA613B62921}.Release|Any CPU.Build.0 = Release|Any CPU
	EndGlobalSection
	GlobalSection(SolutionProperties) = preSolution
		HideSolutionNode = FALSE
	EndGlobalSection
	GlobalSection(ExtensibilityGlobals) = postSolution
		SolutionGuid = {285CF510-08A4-407A-93CB-AABA798B0CCF}
	EndGlobalSection
EndGlobal
